// !$*UTF8*$!
{
	archiveVersion = 1;
	classes = {
	};
	objectVersion = 50;
	objects = {

/* Begin PBXBuildFile section */
		6930FC3323B55940004D6BCF /* GameController.framework in Frameworks */ = {isa = PBXBuildFile; fileRef = 6930FC3223B55940004D6BCF /* GameController.framework */; };
		6937E9F923B7A83D000A55F3 /* GameCont.swift in Sources */ = {isa = PBXBuildFile; fileRef = 6937E9F823B7A83D000A55F3 /* GameCont.swift */; };
		8E1CFDFE22CC8926008FF15A /* AppDelegate.swift in Sources */ = {isa = PBXBuildFile; fileRef = 8E1CFDFD22CC8926008FF15A /* AppDelegate.swift */; };
		8E1CFE0022CC8926008FF15A /* ViewController.swift in Sources */ = {isa = PBXBuildFile; fileRef = 8E1CFDFF22CC8926008FF15A /* ViewController.swift */; };
		8E1CFE0322CC8926008FF15A /* Main.storyboard in Resources */ = {isa = PBXBuildFile; fileRef = 8E1CFE0122CC8926008FF15A /* Main.storyboard */; };
		8E1CFE0522CC8927008FF15A /* Assets.xcassets in Resources */ = {isa = PBXBuildFile; fileRef = 8E1CFE0422CC8927008FF15A /* Assets.xcassets */; };
		8E1CFE0822CC8927008FF15A /* LaunchScreen.storyboard in Resources */ = {isa = PBXBuildFile; fileRef = 8E1CFE0622CC8927008FF15A /* LaunchScreen.storyboard */; };
		8E1CFE1022CC8970008FF15A /* SVVViewController.swift in Sources */ = {isa = PBXBuildFile; fileRef = 8E1CFE0F22CC8970008FF15A /* SVVViewController.swift */; };
		8E30F4F822E2834B00739638 /* SetteiViewController.swift in Sources */ = {isa = PBXBuildFile; fileRef = 8E30F4F722E2834B00739638 /* SetteiViewController.swift */; };
		8E5DC54022CCD7450033B059 /* HeipViewController.swift in Sources */ = {isa = PBXBuildFile; fileRef = 8E5DC53F22CCD7450033B059 /* HeipViewController.swift */; };
		8EE2DF6D22D2040000207F87 /* ImagePickerViewController.swift in Sources */ = {isa = PBXBuildFile; fileRef = 8EE2DF6C22D2040000207F87 /* ImagePickerViewController.swift */; };
/* End PBXBuildFile section */

/* Begin PBXFileReference section */
		6930FC3223B55940004D6BCF /* GameController.framework */ = {isa = PBXFileReference; lastKnownFileType = wrapper.framework; name = GameController.framework; path = System/Library/Frameworks/GameController.framework; sourceTree = SDKROOT; };
		6937E9F823B7A83D000A55F3 /* GameCont.swift */ = {isa = PBXFileReference; lastKnownFileType = sourcecode.swift; path = GameCont.swift; sourceTree = "<group>"; };
		8E1CFDFA22CC8926008FF15A /* SVV.app */ = {isa = PBXFileReference; explicitFileType = wrapper.application; includeInIndex = 0; path = SVV.app; sourceTree = BUILT_PRODUCTS_DIR; };
		8E1CFDFD22CC8926008FF15A /* AppDelegate.swift */ = {isa = PBXFileReference; lastKnownFileType = sourcecode.swift; path = AppDelegate.swift; sourceTree = "<group>"; };
		8E1CFDFF22CC8926008FF15A /* ViewController.swift */ = {isa = PBXFileReference; lastKnownFileType = sourcecode.swift; path = ViewController.swift; sourceTree = "<group>"; };
		8E1CFE0222CC8926008FF15A /* Base */ = {isa = PBXFileReference; lastKnownFileType = file.storyboard; name = Base; path = Base.lproj/Main.storyboard; sourceTree = "<group>"; };
		8E1CFE0422CC8927008FF15A /* Assets.xcassets */ = {isa = PBXFileReference; lastKnownFileType = folder.assetcatalog; path = Assets.xcassets; sourceTree = "<group>"; };
		8E1CFE0722CC8927008FF15A /* Base */ = {isa = PBXFileReference; lastKnownFileType = file.storyboard; name = Base; path = Base.lproj/LaunchScreen.storyboard; sourceTree = "<group>"; };
		8E1CFE0922CC8927008FF15A /* Info.plist */ = {isa = PBXFileReference; lastKnownFileType = text.plist.xml; path = Info.plist; sourceTree = "<group>"; };
		8E1CFE0F22CC8970008FF15A /* SVVViewController.swift */ = {isa = PBXFileReference; lastKnownFileType = sourcecode.swift; path = SVVViewController.swift; sourceTree = "<group>"; };
		8E30F4F722E2834B00739638 /* SetteiViewController.swift */ = {isa = PBXFileReference; lastKnownFileType = sourcecode.swift; path = SetteiViewController.swift; sourceTree = "<group>"; };
		8E5DC53F22CCD7450033B059 /* HeipViewController.swift */ = {isa = PBXFileReference; lastKnownFileType = sourcecode.swift; path = HeipViewController.swift; sourceTree = "<group>"; };
		8EE2DF6C22D2040000207F87 /* ImagePickerViewController.swift */ = {isa = PBXFileReference; lastKnownFileType = sourcecode.swift; path = ImagePickerViewController.swift; sourceTree = "<group>"; };
/* End PBXFileReference section */

/* Begin PBXFrameworksBuildPhase section */
		8E1CFDF722CC8926008FF15A /* Frameworks */ = {
			isa = PBXFrameworksBuildPhase;
			buildActionMask = 2147483647;
			files = (
				6930FC3323B55940004D6BCF /* GameController.framework in Frameworks */,
			);
			runOnlyForDeploymentPostprocessing = 0;
		};
/* End PBXFrameworksBuildPhase section */

/* Begin PBXGroup section */
		6930FC3123B55940004D6BCF /* Frameworks */ = {
			isa = PBXGroup;
			children = (
				6930FC3223B55940004D6BCF /* GameController.framework */,
			);
			name = Frameworks;
			sourceTree = "<group>";
		};
		8E1CFDF122CC8926008FF15A = {
			isa = PBXGroup;
			children = (
				8E1CFDFC22CC8926008FF15A /* SVV */,
				8E1CFDFB22CC8926008FF15A /* Products */,
				6930FC3123B55940004D6BCF /* Frameworks */,
			);
			sourceTree = "<group>";
		};
		8E1CFDFB22CC8926008FF15A /* Products */ = {
			isa = PBXGroup;
			children = (
				8E1CFDFA22CC8926008FF15A /* SVV.app */,
			);
			name = Products;
			sourceTree = "<group>";
		};
		8E1CFDFC22CC8926008FF15A /* SVV */ = {
			isa = PBXGroup;
			children = (
				8E1CFDFD22CC8926008FF15A /* AppDelegate.swift */,
				8E1CFE0F22CC8970008FF15A /* SVVViewController.swift */,
				8E5DC53F22CCD7450033B059 /* HeipViewController.swift */,
				8E1CFDFF22CC8926008FF15A /* ViewController.swift */,
				6937E9F823B7A83D000A55F3 /* GameCont.swift */,
				8E30F4F722E2834B00739638 /* SetteiViewController.swift */,
				8EE2DF6C22D2040000207F87 /* ImagePickerViewController.swift */,
				8E1CFE0122CC8926008FF15A /* Main.storyboard */,
				8E1CFE0422CC8927008FF15A /* Assets.xcassets */,
				8E1CFE0622CC8927008FF15A /* LaunchScreen.storyboard */,
				8E1CFE0922CC8927008FF15A /* Info.plist */,
			);
			path = SVV;
			sourceTree = "<group>";
		};
/* End PBXGroup section */

/* Begin PBXNativeTarget section */
		8E1CFDF922CC8926008FF15A /* SVV */ = {
			isa = PBXNativeTarget;
			buildConfigurationList = 8E1CFE0C22CC8927008FF15A /* Build configuration list for PBXNativeTarget "SVV" */;
			buildPhases = (
				8E1CFDF622CC8926008FF15A /* Sources */,
				8E1CFDF722CC8926008FF15A /* Frameworks */,
				8E1CFDF822CC8926008FF15A /* Resources */,
			);
			buildRules = (
			);
			dependencies = (
			);
			name = SVV;
			productName = SVV;
			productReference = 8E1CFDFA22CC8926008FF15A /* SVV.app */;
			productType = "com.apple.product-type.application";
		};
/* End PBXNativeTarget section */

/* Begin PBXProject section */
		8E1CFDF222CC8926008FF15A /* Project object */ = {
			isa = PBXProject;
			attributes = {
				LastSwiftUpdateCheck = 1020;
				LastUpgradeCheck = 1240;
				ORGANIZATIONNAME = tatsuaki.kuroda;
				TargetAttributes = {
					8E1CFDF922CC8926008FF15A = {
						CreatedOnToolsVersion = 10.2;
					};
				};
			};
			buildConfigurationList = 8E1CFDF522CC8926008FF15A /* Build configuration list for PBXProject "SVV" */;
			compatibilityVersion = "Xcode 9.3";
			developmentRegion = en;
			hasScannedForEncodings = 0;
			knownRegions = (
				en,
				Base,
			);
			mainGroup = 8E1CFDF122CC8926008FF15A;
			productRefGroup = 8E1CFDFB22CC8926008FF15A /* Products */;
			projectDirPath = "";
			projectRoot = "";
			targets = (
				8E1CFDF922CC8926008FF15A /* SVV */,
			);
		};
/* End PBXProject section */

/* Begin PBXResourcesBuildPhase section */
		8E1CFDF822CC8926008FF15A /* Resources */ = {
			isa = PBXResourcesBuildPhase;
			buildActionMask = 2147483647;
			files = (
				8E1CFE0822CC8927008FF15A /* LaunchScreen.storyboard in Resources */,
				8E1CFE0522CC8927008FF15A /* Assets.xcassets in Resources */,
				8E1CFE0322CC8926008FF15A /* Main.storyboard in Resources */,
			);
			runOnlyForDeploymentPostprocessing = 0;
		};
/* End PBXResourcesBuildPhase section */

/* Begin PBXSourcesBuildPhase section */
		8E1CFDF622CC8926008FF15A /* Sources */ = {
			isa = PBXSourcesBuildPhase;
			buildActionMask = 2147483647;
			files = (
				8E5DC54022CCD7450033B059 /* HeipViewController.swift in Sources */,
				8EE2DF6D22D2040000207F87 /* ImagePickerViewController.swift in Sources */,
				8E30F4F822E2834B00739638 /* SetteiViewController.swift in Sources */,
				6937E9F923B7A83D000A55F3 /* GameCont.swift in Sources */,
				8E1CFE0022CC8926008FF15A /* ViewController.swift in Sources */,
				8E1CFDFE22CC8926008FF15A /* AppDelegate.swift in Sources */,
				8E1CFE1022CC8970008FF15A /* SVVViewController.swift in Sources */,
			);
			runOnlyForDeploymentPostprocessing = 0;
		};
/* End PBXSourcesBuildPhase section */

/* Begin PBXVariantGroup section */
		8E1CFE0122CC8926008FF15A /* Main.storyboard */ = {
			isa = PBXVariantGroup;
			children = (
				8E1CFE0222CC8926008FF15A /* Base */,
			);
			name = Main.storyboard;
			sourceTree = "<group>";
		};
		8E1CFE0622CC8927008FF15A /* LaunchScreen.storyboard */ = {
			isa = PBXVariantGroup;
			children = (
				8E1CFE0722CC8927008FF15A /* Base */,
			);
			name = LaunchScreen.storyboard;
			sourceTree = "<group>";
		};
/* End PBXVariantGroup section */

/* Begin XCBuildConfiguration section */
		8E1CFE0A22CC8927008FF15A /* Debug */ = {
			isa = XCBuildConfiguration;
			buildSettings = {
				ALWAYS_SEARCH_USER_PATHS = NO;
				CLANG_ANALYZER_NONNULL = YES;
				CLANG_ANALYZER_NUMBER_OBJECT_CONVERSION = YES_AGGRESSIVE;
				CLANG_CXX_LANGUAGE_STANDARD = "gnu++14";
				CLANG_CXX_LIBRARY = "libc++";
				CLANG_ENABLE_MODULES = YES;
				CLANG_ENABLE_OBJC_ARC = YES;
				CLANG_ENABLE_OBJC_WEAK = YES;
				CLANG_WARN_BLOCK_CAPTURE_AUTORELEASING = YES;
				CLANG_WARN_BOOL_CONVERSION = YES;
				CLANG_WARN_COMMA = YES;
				CLANG_WARN_CONSTANT_CONVERSION = YES;
				CLANG_WARN_DEPRECATED_OBJC_IMPLEMENTATIONS = YES;
				CLANG_WARN_DIRECT_OBJC_ISA_USAGE = YES_ERROR;
				CLANG_WARN_DOCUMENTATION_COMMENTS = YES;
				CLANG_WARN_EMPTY_BODY = YES;
				CLANG_WARN_ENUM_CONVERSION = YES;
				CLANG_WARN_INFINITE_RECURSION = YES;
				CLANG_WARN_INT_CONVERSION = YES;
				CLANG_WARN_NON_LITERAL_NULL_CONVERSION = YES;
				CLANG_WARN_OBJC_IMPLICIT_RETAIN_SELF = YES;
				CLANG_WARN_OBJC_LITERAL_CONVERSION = YES;
				CLANG_WARN_OBJC_ROOT_CLASS = YES_ERROR;
				CLANG_WARN_QUOTED_INCLUDE_IN_FRAMEWORK_HEADER = YES;
				CLANG_WARN_RANGE_LOOP_ANALYSIS = YES;
				CLANG_WARN_STRICT_PROTOTYPES = YES;
				CLANG_WARN_SUSPICIOUS_MOVE = YES;
				CLANG_WARN_UNGUARDED_AVAILABILITY = YES_AGGRESSIVE;
				CLANG_WARN_UNREACHABLE_CODE = YES;
				CLANG_WARN__DUPLICATE_METHOD_MATCH = YES;
				CODE_SIGN_IDENTITY = "iPhone Developer";
				COPY_PHASE_STRIP = NO;
				DEBUG_INFORMATION_FORMAT = dwarf;
				ENABLE_STRICT_OBJC_MSGSEND = YES;
				ENABLE_TESTABILITY = YES;
				GCC_C_LANGUAGE_STANDARD = gnu11;
				GCC_DYNAMIC_NO_PIC = NO;
				GCC_NO_COMMON_BLOCKS = YES;
				GCC_OPTIMIZATION_LEVEL = 0;
				GCC_PREPROCESSOR_DEFINITIONS = (
					"DEBUG=1",
					"$(inherited)",
				);
				GCC_WARN_64_TO_32_BIT_CONVERSION = YES;
				GCC_WARN_ABOUT_RETURN_TYPE = YES_ERROR;
				GCC_WARN_UNDECLARED_SELECTOR = YES;
				GCC_WARN_UNINITIALIZED_AUTOS = YES_AGGRESSIVE;
				GCC_WARN_UNUSED_FUNCTION = YES;
				GCC_WARN_UNUSED_VARIABLE = YES;
				IPHONEOS_DEPLOYMENT_TARGET = 13.0;
				MTL_ENABLE_DEBUG_INFO = INCLUDE_SOURCE;
				MTL_FAST_MATH = YES;
				ONLY_ACTIVE_ARCH = YES;
				SDKROOT = iphoneos;
				SWIFT_ACTIVE_COMPILATION_CONDITIONS = DEBUG;
				SWIFT_OPTIMIZATION_LEVEL = "-Onone";
			};
			name = Debug;
		};
		8E1CFE0B22CC8927008FF15A /* Release */ = {
			isa = XCBuildConfiguration;
			buildSettings = {
				ALWAYS_SEARCH_USER_PATHS = NO;
				CLANG_ANALYZER_NONNULL = YES;
				CLANG_ANALYZER_NUMBER_OBJECT_CONVERSION = YES_AGGRESSIVE;
				CLANG_CXX_LANGUAGE_STANDARD = "gnu++14";
				CLANG_CXX_LIBRARY = "libc++";
				CLANG_ENABLE_MODULES = YES;
				CLANG_ENABLE_OBJC_ARC = YES;
				CLANG_ENABLE_OBJC_WEAK = YES;
				CLANG_WARN_BLOCK_CAPTURE_AUTORELEASING = YES;
				CLANG_WARN_BOOL_CONVERSION = YES;
				CLANG_WARN_COMMA = YES;
				CLANG_WARN_CONSTANT_CONVERSION = YES;
				CLANG_WARN_DEPRECATED_OBJC_IMPLEMENTATIONS = YES;
				CLANG_WARN_DIRECT_OBJC_ISA_USAGE = YES_ERROR;
				CLANG_WARN_DOCUMENTATION_COMMENTS = YES;
				CLANG_WARN_EMPTY_BODY = YES;
				CLANG_WARN_ENUM_CONVERSION = YES;
				CLANG_WARN_INFINITE_RECURSION = YES;
				CLANG_WARN_INT_CONVERSION = YES;
				CLANG_WARN_NON_LITERAL_NULL_CONVERSION = YES;
				CLANG_WARN_OBJC_IMPLICIT_RETAIN_SELF = YES;
				CLANG_WARN_OBJC_LITERAL_CONVERSION = YES;
				CLANG_WARN_OBJC_ROOT_CLASS = YES_ERROR;
				CLANG_WARN_QUOTED_INCLUDE_IN_FRAMEWORK_HEADER = YES;
				CLANG_WARN_RANGE_LOOP_ANALYSIS = YES;
				CLANG_WARN_STRICT_PROTOTYPES = YES;
				CLANG_WARN_SUSPICIOUS_MOVE = YES;
				CLANG_WARN_UNGUARDED_AVAILABILITY = YES_AGGRESSIVE;
				CLANG_WARN_UNREACHABLE_CODE = YES;
				CLANG_WARN__DUPLICATE_METHOD_MATCH = YES;
				CODE_SIGN_IDENTITY = "iPhone Developer";
				COPY_PHASE_STRIP = NO;
				DEBUG_INFORMATION_FORMAT = "dwarf-with-dsym";
				ENABLE_NS_ASSERTIONS = NO;
				ENABLE_STRICT_OBJC_MSGSEND = YES;
				GCC_C_LANGUAGE_STANDARD = gnu11;
				GCC_NO_COMMON_BLOCKS = YES;
				GCC_WARN_64_TO_32_BIT_CONVERSION = YES;
				GCC_WARN_ABOUT_RETURN_TYPE = YES_ERROR;
				GCC_WARN_UNDECLARED_SELECTOR = YES;
				GCC_WARN_UNINITIALIZED_AUTOS = YES_AGGRESSIVE;
				GCC_WARN_UNUSED_FUNCTION = YES;
				GCC_WARN_UNUSED_VARIABLE = YES;
				IPHONEOS_DEPLOYMENT_TARGET = 13.0;
				MTL_ENABLE_DEBUG_INFO = NO;
				MTL_FAST_MATH = YES;
				SDKROOT = iphoneos;
				SWIFT_COMPILATION_MODE = wholemodule;
				SWIFT_OPTIMIZATION_LEVEL = "-O";
				VALIDATE_PRODUCT = YES;
			};
			name = Release;
		};
		8E1CFE0D22CC8927008FF15A /* Debug */ = {
			isa = XCBuildConfiguration;
			buildSettings = {
				ASSETCATALOG_COMPILER_APPICON_NAME = AppIcon;
				CODE_SIGN_STYLE = Automatic;
				CURRENT_PROJECT_VERSION = 1.0.0;
				DEVELOPMENT_TEAM = YKSHGZ7H3T;
				INFOPLIST_FILE = SVV/Info.plist;
				IPHONEOS_DEPLOYMENT_TARGET = 13.0;
				LD_RUNPATH_SEARCH_PATHS = (
					"$(inherited)",
					"@executable_path/Frameworks",
				);
				MARKETING_VERSION = 1.9;
				PRODUCT_BUNDLE_IDENTIFIER = com.kuroda33.SVV;
				PRODUCT_NAME = "$(TARGET_NAME)";
				SWIFT_VERSION = 5.0;
				TARGETED_DEVICE_FAMILY = "1,2";
			};
			name = Debug;
		};
		8E1CFE0E22CC8927008FF15A /* Release */ = {
			isa = XCBuildConfiguration;
			buildSettings = {
				ASSETCATALOG_COMPILER_APPICON_NAME = AppIcon;
				CODE_SIGN_STYLE = Automatic;
				CURRENT_PROJECT_VERSION = 1.0.0;
				DEVELOPMENT_TEAM = YKSHGZ7H3T;
				INFOPLIST_FILE = SVV/Info.plist;
				IPHONEOS_DEPLOYMENT_TARGET = 13.0;
				LD_RUNPATH_SEARCH_PATHS = (
					"$(inherited)",
					"@executable_path/Frameworks",
				);
				MARKETING_VERSION = 1.9;
				PRODUCT_BUNDLE_IDENTIFIER = com.kuroda33.SVV;
				PRODUCT_NAME = "$(TARGET_NAME)";
				SWIFT_VERSION = 5.0;
				TARGETED_DEVICE_FAMILY = "1,2";
			};
			name = Release;
		};
/* End XCBuildConfiguration section */

/* Begin XCConfigurationList section */
		8E1CFDF522CC8926008FF15A /* Build configuration list for PBXProject "SVV" */ = {
			isa = XCConfigurationList;
			buildConfigurations = (
				8E1CFE0A22CC8927008FF15A /* Debug */,
				8E1CFE0B22CC8927008FF15A /* Release */,
			);
			defaultConfigurationIsVisible = 0;
			defaultConfigurationName = Release;
		};
		8E1CFE0C22CC8927008FF15A /* Build configuration list for PBXNativeTarget "SVV" */ = {
			isa = XCConfigurationList;
			buildConfigurations = (
				8E1CFE0D22CC8927008FF15A /* Debug */,
				8E1CFE0E22CC8927008FF15A /* Release */,
			);
			defaultConfigurationIsVisible = 0;
			defaultConfigurationName = Release;
		};
/* End XCConfigurationList section */
	};
	rootObject = 8E1CFDF222CC8926008FF15A /* Project object */;
}
